
Microsoft Visual Studio Solution File, Format Version 12.00
# Visual Studio Version 16
VisualStudioVersion = 16.0.29021.104
MinimumVisualStudioVersion = 10.0.40219.1
Project("{FAE04EC0-301F-11D3-BF4B-00C04F79EFBC}") = "EntityFrameworkCore.SqlProfile", "EntityFrameworkCore.SqlProfile\EntityFrameworkCore.SqlProfile.csproj", "{D1B1A2EA-24C4-4454-A535-C85DEC8D1847}"
EndProject
Project("{FAE04EC0-301F-11D3-BF4B-00C04F79EFBC}") = "Api", "Api\Api.csproj", "{1A76F355-CDB3-410E-8ABD-BB08B7ACC0C5}"
EndProject
Global
	GlobalSection(SolutionConfigurationPlatforms) = preSolution
		Debug|Any CPU = Debug|Any CPU
		Release|Any CPU = Release|Any CPU
	EndGlobalSection
	GlobalSection(ProjectConfigurationPlatforms) = postSolution
		{D1B1A2EA-24C4-4454-A535-C85DEC8D1847}.Debug|Any CPU.ActiveCfg = Debug|Any CPU
		{D1B1A2EA-24C4-4454-A535-C85DEC8D1847}.Debug|Any CPU.Build.0 = Debug|Any CPU
		{D1B1A2EA-24C4-4454-A535-C85DEC8D1847}.Release|Any CPU.ActiveCfg = Release|Any CPU
		{D1B1A2EA-24C4-4454-A535-C85DEC8D1847}.Release|Any CPU.Build.0 = Release|Any CPU
		{1A76F355-CDB3-410E-8ABD-BB08B7ACC0C5}.Debug|Any CPU.ActiveCfg = Debug|Any CPU
		{1A76F355-CDB3-410E-8ABD-BB08B7ACC0C5}.Debug|Any CPU.Build.0 = Debug|Any CPU
		{1A76F355-CDB3-410E-8ABD-BB08B7ACC0C5}.Release|Any CPU.ActiveCfg = Release|Any CPU
		{1A76F355-CDB3-410E-8ABD-BB08B7ACC0C5}.Release|Any CPU.Build.0 = Release|Any CPU
	EndGlobalSection
	GlobalSection(SolutionProperties) = preSolution
		HideSolutionNode = FALSE
	EndGlobalSection
	GlobalSection(ExtensibilityGlobals) = postSolution
		SolutionGuid = {1788A42F-C5EB-41E7-B190-9807416931C2}
	EndGlobalSection
EndGlobal
